
Microsoft Visual Studio Solution File, Format Version 12.00
# Visual Studio 15
VisualStudioVersion = 15.0.26730.12
MinimumVisualStudioVersion = 10.0.40219.1
Project("{FAE04EC0-301F-11D3-BF4B-00C04F79EFBC}") = "VB6ComLib", "VB6ComLib\VB6ComLib.csproj", "{FB68464B-78AD-4835-B6D2-D2E19C4B04AE}"
EndProject
Project("{FAE04EC0-301F-11D3-BF4B-00C04F79EFBC}") = "TestApp", "TestApp\TestApp.csproj", "{3239FB6B-0FDD-4F34-ABB7-94745F719CE3}"
EndProject
Global
	GlobalSection(SolutionConfigurationPlatforms) = preSolution
		Debug|Any CPU = Debug|Any CPU
		Release|Any CPU = Release|Any CPU
	EndGlobalSection
	GlobalSection(ProjectConfigurationPlatforms) = postSolution
		{FB68464B-78AD-4835-B6D2-D2E19C4B04AE}.Debug|Any CPU.ActiveCfg = Debug|Any CPU
		{FB68464B-78AD-4835-B6D2-D2E19C4B04AE}.Debug|Any CPU.Build.0 = Debug|Any CPU
		{FB68464B-78AD-4835-B6D2-D2E19C4B04AE}.Release|Any CPU.ActiveCfg = Release|Any CPU
		{FB68464B-78AD-4835-B6D2-D2E19C4B04AE}.Release|Any CPU.Build.0 = Release|Any CPU
		{3239FB6B-0FDD-4F34-ABB7-94745F719CE3}.Debug|Any CPU.ActiveCfg = Debug|Any CPU
		{3239FB6B-0FDD-4F34-ABB7-94745F719CE3}.Debug|Any CPU.Build.0 = Debug|Any CPU
		{3239FB6B-0FDD-4F34-ABB7-94745F719CE3}.Release|Any CPU.ActiveCfg = Release|Any CPU
		{3239FB6B-0FDD-4F34-ABB7-94745F719CE3}.Release|Any CPU.Build.0 = Release|Any CPU
	EndGlobalSection
	GlobalSection(SolutionProperties) = preSolution
		HideSolutionNode = FALSE
	EndGlobalSection
	GlobalSection(ExtensibilityGlobals) = postSolution
		SolutionGuid = {F34AB150-6B53-46F6-8B6D-20637D597BD0}
	EndGlobalSection
EndGlobal
