
Microsoft Visual Studio Solution File, Format Version 12.00
# Visual Studio 15
VisualStudioVersion = 15.0.26730.15
MinimumVisualStudioVersion = 10.0.40219.1
Project("{FAE04EC0-301F-11D3-BF4B-00C04F79EFBC}") = "DemoWebApi", "DemoWebApi\DemoWebApi.csproj", "{8BFB635A-FF6A-4796-9902-A2ED65EE938C}"
EndProject
Project("{E53339B2-1760-4266-BCC7-CA923CBCF16C}") = "docker-compose", "docker-compose.dcproj", "{5D3F1931-E1BD-412F-A754-BCD0A4617778}"
EndProject
Global
	GlobalSection(SolutionConfigurationPlatforms) = preSolution
		Debug|Any CPU = Debug|Any CPU
		Release|Any CPU = Release|Any CPU
	EndGlobalSection
	GlobalSection(ProjectConfigurationPlatforms) = postSolution
		{8BFB635A-FF6A-4796-9902-A2ED65EE938C}.Debug|Any CPU.ActiveCfg = Debug|Any CPU
		{8BFB635A-FF6A-4796-9902-A2ED65EE938C}.Debug|Any CPU.Build.0 = Debug|Any CPU
		{8BFB635A-FF6A-4796-9902-A2ED65EE938C}.Release|Any CPU.ActiveCfg = Release|Any CPU
		{8BFB635A-FF6A-4796-9902-A2ED65EE938C}.Release|Any CPU.Build.0 = Release|Any CPU
		{5D3F1931-E1BD-412F-A754-BCD0A4617778}.Debug|Any CPU.ActiveCfg = Debug|Any CPU
		{5D3F1931-E1BD-412F-A754-BCD0A4617778}.Debug|Any CPU.Build.0 = Debug|Any CPU
		{5D3F1931-E1BD-412F-A754-BCD0A4617778}.Release|Any CPU.ActiveCfg = Release|Any CPU
		{5D3F1931-E1BD-412F-A754-BCD0A4617778}.Release|Any CPU.Build.0 = Release|Any CPU
	EndGlobalSection
	GlobalSection(SolutionProperties) = preSolution
		HideSolutionNode = FALSE
	EndGlobalSection
	GlobalSection(ExtensibilityGlobals) = postSolution
		SolutionGuid = {572471E8-8BC4-40D9-86DD-76B50DACEF84}
	EndGlobalSection
EndGlobal
